
Microsoft Visual Studio Solution File, Format Version 12.00
# Visual Studio Version 17
VisualStudioVersion = 17.14.36603.0
MinimumVisualStudioVersion = 10.0.40219.1
Project("{FAE04EC0-301F-11D3-BF4B-00C04F79EFBC}") = "cvApp", "cvApp\cvApp.csproj", "{A59D327D-10FC-4B48-8ACA-28FE991E2FB2}"
EndProject
Project("{54435603-DBB4-11D2-8724-00A0C9A8B90C}") = "cvApp.Installer", "cvApp.Installer\cvApp.Installer.vdproj", "{D5F06CE3-C377-E38C-5959-D0DE7C50BEF6}"
EndProject
Global
	GlobalSection(SolutionConfigurationPlatforms) = preSolution
		Debug|Any CPU = Debug|Any CPU
		Debug|x64 = Debug|x64
		Release|Any CPU = Release|Any CPU
		Release|x64 = Release|x64
	EndGlobalSection
	GlobalSection(ProjectConfigurationPlatforms) = postSolution
		{A59D327D-10FC-4B48-8ACA-28FE991E2FB2}.Debug|Any CPU.ActiveCfg = Debug|Any CPU
		{A59D327D-10FC-4B48-8ACA-28FE991E2FB2}.Debug|Any CPU.Build.0 = Debug|Any CPU
		{A59D327D-10FC-4B48-8ACA-28FE991E2FB2}.Debug|x64.ActiveCfg = Debug|x64
		{A59D327D-10FC-4B48-8ACA-28FE991E2FB2}.Debug|x64.Build.0 = Debug|x64
		{A59D327D-10FC-4B48-8ACA-28FE991E2FB2}.Release|Any CPU.ActiveCfg = Release|Any CPU
		{A59D327D-10FC-4B48-8ACA-28FE991E2FB2}.Release|Any CPU.Build.0 = Release|Any CPU
		{A59D327D-10FC-4B48-8ACA-28FE991E2FB2}.Release|x64.ActiveCfg = Release|x64
		{A59D327D-10FC-4B48-8ACA-28FE991E2FB2}.Release|x64.Build.0 = Release|x64
		{D5F06CE3-C377-E38C-5959-D0DE7C50BEF6}.Debug|Any CPU.ActiveCfg = Debug
		{D5F06CE3-C377-E38C-5959-D0DE7C50BEF6}.Debug|x64.ActiveCfg = Debug
		{D5F06CE3-C377-E38C-5959-D0DE7C50BEF6}.Debug|x64.Build.0 = Debug
		{D5F06CE3-C377-E38C-5959-D0DE7C50BEF6}.Release|Any CPU.ActiveCfg = Release
		{D5F06CE3-C377-E38C-5959-D0DE7C50BEF6}.Release|x64.ActiveCfg = Release
		{D5F06CE3-C377-E38C-5959-D0DE7C50BEF6}.Release|x64.Build.0 = Release
	EndGlobalSection
	GlobalSection(SolutionProperties) = preSolution
		HideSolutionNode = FALSE
	EndGlobalSection
	GlobalSection(ExtensibilityGlobals) = postSolution
		SolutionGuid = {2ADB0FBA-0EF8-4E14-8024-6C1686009827}
	EndGlobalSection
EndGlobal
